
Microsoft Visual Studio Solution File, Format Version 12.00
# Visual Studio Version 17
VisualStudioVersion = 17.4.33403.182
MinimumVisualStudioVersion = 10.0.40219.1
Project("{FAE04EC0-301F-11D3-BF4B-00C04F79EFBC}") = "VsMajor", "ProductManagement\VsMajor.csproj", "{59367BFC-B479-4BA9-BA75-37F10C301AFF}"
EndProject
Global
	GlobalSection(SolutionConfigurationPlatforms) = preSolution
		Debug|Any CPU = Debug|Any CPU
		Release|Any CPU = Release|Any CPU
	EndGlobalSection
	GlobalSection(ProjectConfigurationPlatforms) = postSolution
		{59367BFC-B479-4BA9-BA75-37F10C301AFF}.Debug|Any CPU.ActiveCfg = Debug|Any CPU
		{59367BFC-B479-4BA9-BA75-37F10C301AFF}.Debug|Any CPU.Build.0 = Debug|Any CPU
		{59367BFC-B479-4BA9-BA75-37F10C301AFF}.Release|Any CPU.ActiveCfg = Release|Any CPU
		{59367BFC-B479-4BA9-BA75-37F10C301AFF}.Release|Any CPU.Build.0 = Release|Any CPU
	EndGlobalSection
	GlobalSection(SolutionProperties) = preSolution
		HideSolutionNode = FALSE
	EndGlobalSection
	GlobalSection(ExtensibilityGlobals) = postSolution
		SolutionGuid = {3A7C7FF8-3292-4155-A95A-AE03D1D2EBDA}
	EndGlobalSection
EndGlobal
